
Microsoft Visual Studio Solution File, Format Version 12.00
# Visual Studio Version 17
VisualStudioVersion = 17.1.32414.318
MinimumVisualStudioVersion = 10.0.40219.1
Project("{FAE04EC0-301F-11D3-BF4B-00C04F79EFBC}") = "Decathlon_App.Android", "Decathlon_App\Decathlon_App.Android\Decathlon_App.Android.csproj", "{A1228E02-780B-4768-B3BB-5163AEDD0916}"
EndProject
Project("{FAE04EC0-301F-11D3-BF4B-00C04F79EFBC}") = "Decathlon_App.iOS", "Decathlon_App\Decathlon_App.iOS\Decathlon_App.iOS.csproj", "{B4CA8135-AEC7-469D-AAF5-940696DEE569}"
EndProject
Project("{FAE04EC0-301F-11D3-BF4B-00C04F79EFBC}") = "Decathlon_App", "Decathlon_App\Decathlon_App\Decathlon_App.csproj", "{9D7DCA13-8FF3-48B9-BD08-0A2F6033E6D2}"
EndProject
Global
	GlobalSection(SolutionConfigurationPlatforms) = preSolution
		Debug|Any CPU = Debug|Any CPU
		Debug|iPhone = Debug|iPhone
		Debug|iPhoneSimulator = Debug|iPhoneSimulator
		Release|Any CPU = Release|Any CPU
		Release|iPhone = Release|iPhone
		Release|iPhoneSimulator = Release|iPhoneSimulator
	EndGlobalSection
	GlobalSection(ProjectConfigurationPlatforms) = postSolution
		{A1228E02-780B-4768-B3BB-5163AEDD0916}.Debug|Any CPU.ActiveCfg = Debug|Any CPU
		{A1228E02-780B-4768-B3BB-5163AEDD0916}.Debug|Any CPU.Build.0 = Debug|Any CPU
		{A1228E02-780B-4768-B3BB-5163AEDD0916}.Debug|Any CPU.Deploy.0 = Debug|Any CPU
		{A1228E02-780B-4768-B3BB-5163AEDD0916}.Debug|iPhone.ActiveCfg = Debug|Any CPU
		{A1228E02-780B-4768-B3BB-5163AEDD0916}.Debug|iPhone.Build.0 = Debug|Any CPU
		{A1228E02-780B-4768-B3BB-5163AEDD0916}.Debug|iPhone.Deploy.0 = Debug|Any CPU
		{A1228E02-780B-4768-B3BB-5163AEDD0916}.Debug|iPhoneSimulator.ActiveCfg = Debug|Any CPU
		{A1228E02-780B-4768-B3BB-5163AEDD0916}.Debug|iPhoneSimulator.Build.0 = Debug|Any CPU
		{A1228E02-780B-4768-B3BB-5163AEDD0916}.Debug|iPhoneSimulator.Deploy.0 = Debug|Any CPU
		{A1228E02-780B-4768-B3BB-5163AEDD0916}.Release|Any CPU.ActiveCfg = Release|Any CPU
		{A1228E02-780B-4768-B3BB-5163AEDD0916}.Release|Any CPU.Build.0 = Release|Any CPU
		{A1228E02-780B-4768-B3BB-5163AEDD0916}.Release|Any CPU.Deploy.0 = Release|Any CPU
		{A1228E02-780B-4768-B3BB-5163AEDD0916}.Release|iPhone.ActiveCfg = Release|Any CPU
		{A1228E02-780B-4768-B3BB-5163AEDD0916}.Release|iPhone.Build.0 = Release|Any CPU
		{A1228E02-780B-4768-B3BB-5163AEDD0916}.Release|iPhone.Deploy.0 = Release|Any CPU
		{A1228E02-780B-4768-B3BB-5163AEDD0916}.Release|iPhoneSimulator.ActiveCfg = Release|Any CPU
		{A1228E02-780B-4768-B3BB-5163AEDD0916}.Release|iPhoneSimulator.Build.0 = Release|Any CPU
		{A1228E02-780B-4768-B3BB-5163AEDD0916}.Release|iPhoneSimulator.Deploy.0 = Release|Any CPU
		{B4CA8135-AEC7-469D-AAF5-940696DEE569}.Debug|Any CPU.ActiveCfg = Debug|iPhone
		{B4CA8135-AEC7-469D-AAF5-940696DEE569}.Debug|Any CPU.Build.0 = Debug|iPhone
		{B4CA8135-AEC7-469D-AAF5-940696DEE569}.Debug|Any CPU.Deploy.0 = Debug|iPhone
		{B4CA8135-AEC7-469D-AAF5-940696DEE569}.Debug|iPhone.ActiveCfg = Debug|iPhone
		{B4CA8135-AEC7-469D-AAF5-940696DEE569}.Debug|iPhone.Build.0 = Debug|iPhone
		{B4CA8135-AEC7-469D-AAF5-940696DEE569}.Debug|iPhone.Deploy.0 = Debug|iPhone
		{B4CA8135-AEC7-469D-AAF5-940696DEE569}.Debug|iPhoneSimulator.ActiveCfg = Debug|iPhoneSimulator
		{B4CA8135-AEC7-469D-AAF5-940696DEE569}.Debug|iPhoneSimulator.Build.0 = Debug|iPhoneSimulator
		{B4CA8135-AEC7-469D-AAF5-940696DEE569}.Debug|iPhoneSimulator.Deploy.0 = Debug|iPhoneSimulator
		{B4CA8135-AEC7-469D-AAF5-940696DEE569}.Release|Any CPU.ActiveCfg = Release|iPhoneSimulator
		{B4CA8135-AEC7-469D-AAF5-940696DEE569}.Release|Any CPU.Build.0 = Release|iPhoneSimulator
		{B4CA8135-AEC7-469D-AAF5-940696DEE569}.Release|Any CPU.Deploy.0 = Release|iPhoneSimulator
		{B4CA8135-AEC7-469D-AAF5-940696DEE569}.Release|iPhone.ActiveCfg = Release|iPhone
		{B4CA8135-AEC7-469D-AAF5-940696DEE569}.Release|iPhone.Build.0 = Release|iPhone
		{B4CA8135-AEC7-469D-AAF5-940696DEE569}.Release|iPhone.Deploy.0 = Release|iPhone
		{B4CA8135-AEC7-469D-AAF5-940696DEE569}.Release|iPhoneSimulator.ActiveCfg = Release|iPhoneSimulator
		{B4CA8135-AEC7-469D-AAF5-940696DEE569}.Release|iPhoneSimulator.Build.0 = Release|iPhoneSimulator
		{B4CA8135-AEC7-469D-AAF5-940696DEE569}.Release|iPhoneSimulator.Deploy.0 = Release|iPhoneSimulator
		{9D7DCA13-8FF3-48B9-BD08-0A2F6033E6D2}.Debug|Any CPU.ActiveCfg = Debug|Any CPU
		{9D7DCA13-8FF3-48B9-BD08-0A2F6033E6D2}.Debug|Any CPU.Build.0 = Debug|Any CPU
		{9D7DCA13-8FF3-48B9-BD08-0A2F6033E6D2}.Debug|Any CPU.Deploy.0 = Debug|Any CPU
		{9D7DCA13-8FF3-48B9-BD08-0A2F6033E6D2}.Debug|iPhone.ActiveCfg = Debug|Any CPU
		{9D7DCA13-8FF3-48B9-BD08-0A2F6033E6D2}.Debug|iPhone.Build.0 = Debug|Any CPU
		{9D7DCA13-8FF3-48B9-BD08-0A2F6033E6D2}.Debug|iPhone.Deploy.0 = Debug|Any CPU
		{9D7DCA13-8FF3-48B9-BD08-0A2F6033E6D2}.Debug|iPhoneSimulator.ActiveCfg = Debug|Any CPU
		{9D7DCA13-8FF3-48B9-BD08-0A2F6033E6D2}.Debug|iPhoneSimulator.Build.0 = Debug|Any CPU
		{9D7DCA13-8FF3-48B9-BD08-0A2F6033E6D2}.Debug|iPhoneSimulator.Deploy.0 = Debug|Any CPU
		{9D7DCA13-8FF3-48B9-BD08-0A2F6033E6D2}.Release|Any CPU.ActiveCfg = Release|Any CPU
		{9D7DCA13-8FF3-48B9-BD08-0A2F6033E6D2}.Release|Any CPU.Build.0 = Release|Any CPU
		{9D7DCA13-8FF3-48B9-BD08-0A2F6033E6D2}.Release|Any CPU.Deploy.0 = Release|Any CPU
		{9D7DCA13-8FF3-48B9-BD08-0A2F6033E6D2}.Release|iPhone.ActiveCfg = Release|Any CPU
		{9D7DCA13-8FF3-48B9-BD08-0A2F6033E6D2}.Release|iPhone.Build.0 = Release|Any CPU
		{9D7DCA13-8FF3-48B9-BD08-0A2F6033E6D2}.Release|iPhone.Deploy.0 = Release|Any CPU
		{9D7DCA13-8FF3-48B9-BD08-0A2F6033E6D2}.Release|iPhoneSimulator.ActiveCfg = Release|Any CPU
		{9D7DCA13-8FF3-48B9-BD08-0A2F6033E6D2}.Release|iPhoneSimulator.Build.0 = Release|Any CPU
		{9D7DCA13-8FF3-48B9-BD08-0A2F6033E6D2}.Release|iPhoneSimulator.Deploy.0 = Release|Any CPU
	EndGlobalSection
	GlobalSection(SolutionProperties) = preSolution
		HideSolutionNode = FALSE
	EndGlobalSection
	GlobalSection(ExtensibilityGlobals) = postSolution
		SolutionGuid = {5300772A-07C4-4F1F-84E7-DB4182B9206D}
	EndGlobalSection
EndGlobal
